Microsoft Visual Studio Solution File, Format Version 12.00
# Visual Studio Version 17
VisualStudioVersion = 17.5.2.0
MinimumVisualStudioVersion = 10.0.40219.1
Project("{FAE04EC0-301F-11D3-BF4B-00C04F79EFBC}") = "backend uke 2 dag 2", "backend uke 2 dag 2.csproj", "{BE6A9BFE-45D1-284A-E1E6-D174522D9271}"
EndProject
Global
	GlobalSection(SolutionConfigurationPlatforms) = preSolution
		Debug|Any CPU = Debug|Any CPU
		Release|Any CPU = Release|Any CPU
	EndGlobalSection
	GlobalSection(ProjectConfigurationPlatforms) = postSolution
		{BE6A9BFE-45D1-284A-E1E6-D174522D9271}.Debug|Any CPU.ActiveCfg = Debug|Any CPU
		{BE6A9BFE-45D1-284A-E1E6-D174522D9271}.Debug|Any CPU.Build.0 = Debug|Any CPU
		{BE6A9BFE-45D1-284A-E1E6-D174522D9271}.Release|Any CPU.ActiveCfg = Release|Any CPU
		{BE6A9BFE-45D1-284A-E1E6-D174522D9271}.Release|Any CPU.Build.0 = Release|Any CPU
	EndGlobalSection
	GlobalSection(SolutionProperties) = preSolution
		HideSolutionNode = FALSE
	EndGlobalSection
	GlobalSection(ExtensibilityGlobals) = postSolution
		SolutionGuid = {163AA26F-983A-4654-A581-C20E112A692A}
	EndGlobalSection
EndGlobal
